// !$*UTF8*$!
{
	archiveVersion = 1;
	classes = {
	};
	objectVersion = 46;
	objects = {

/* Begin PBXBuildFile section */
		AF94D256822A8004CBA6426E /* libPods.a in Frameworks */ = {isa = PBXBuildFile; fileRef = A70BE4B9D24E9711A3826C65 /* libPods.a */; };
		EE3978031B1F5CDB00277C13 /* SNZReachability.m in Sources */ = {isa = PBXBuildFile; fileRef = EE3978021B1F5CDB00277C13 /* SNZReachability.m */; };
		EE39781E1B219F1100277C13 /* SystemConfiguration.framework in Frameworks */ = {isa = PBXBuildFile; fileRef = EE39781D1B219F1100277C13 /* SystemConfiguration.framework */; };
		EE3978391B22C26D00277C13 /* SNZModel.m in Sources */ = {isa = PBXBuildFile; fileRef = EE3978381B22C26D00277C13 /* SNZModel.m */; };
		EE39783D1B2357A600277C13 /* SNZNetworkObserver.m in Sources */ = {isa = PBXBuildFile; fileRef = EE39783C1B2357A600277C13 /* SNZNetworkObserver.m */; };
		EE920A001AD3BACC0007D8F7 /* SNZLocationManager.m in Sources */ = {isa = PBXBuildFile; fileRef = EE9209FF1AD3BACC0007D8F7 /* SNZLocationManager.m */; };
		EEA674B91ADAE6740005A355 /* SNZUserDataLogger.m in Sources */ = {isa = PBXBuildFile; fileRef = EEA674B81ADAE6740005A355 /* SNZUserDataLogger.m */; };
		EEA674BC1ADAEFCE0005A355 /* SNZSensorManager.m in Sources */ = {isa = PBXBuildFile; fileRef = EEA674BB1ADAEFCE0005A355 /* SNZSensorManager.m */; };
		EEA674C21ADB8BE70005A355 /* AVFoundation.framework in Frameworks */ = {isa = PBXBuildFile; fileRef = EE920A011AD3C00D0007D8F7 /* AVFoundation.framework */; };
		EEA674C31ADB8BEF0005A355 /* CoreBluetooth.framework in Frameworks */ = {isa = PBXBuildFile; fileRef = EEA674BF1ADB8BBA0005A355 /* CoreBluetooth.framework */; };
		EEA674C41ADB8BF60005A355 /* CoreLocation.framework in Frameworks */ = {isa = PBXBuildFile; fileRef = EEA674BD1ADB8BB40005A355 /* CoreLocation.framework */; };
		EEA674C71ADBAEDF0005A355 /* SNZBeaconManager.m in Sources */ = {isa = PBXBuildFile; fileRef = EEA674C61ADBAEDF0005A355 /* SNZBeaconManager.m */; };
		EEA674CB1ADBB80B0005A355 /* SNZCommonStore.m in Sources */ = {isa = PBXBuildFile; fileRef = EEA674CA1ADBB80B0005A355 /* SNZCommonStore.m */; };
		EEA674CF1ADBD0560005A355 /* SNZSensorData.m in Sources */ = {isa = PBXBuildFile; fileRef = EEA674CE1ADBD0560005A355 /* SNZSensorData.m */; };
		EEC13FC01AD3B190008B7E5E /* main.m in Sources */ = {isa = PBXBuildFile; fileRef = EEC13FBF1AD3B190008B7E5E /* main.m */; };
		EEC13FC31AD3B190008B7E5E /* AppDelegate.m in Sources */ = {isa = PBXBuildFile; fileRef = EEC13FC21AD3B190008B7E5E /* AppDelegate.m */; };
		EEC13FC61AD3B190008B7E5E /* ViewController.m in Sources */ = {isa = PBXBuildFile; fileRef = EEC13FC51AD3B190008B7E5E /* ViewController.m */; };
		EEC13FC91AD3B190008B7E5E /* Main.storyboard in Resources */ = {isa = PBXBuildFile; fileRef = EEC13FC71AD3B190008B7E5E /* Main.storyboard */; };
		EEC13FCB1AD3B190008B7E5E /* Images.xcassets in Resources */ = {isa = PBXBuildFile; fileRef = EEC13FCA1AD3B190008B7E5E /* Images.xcassets */; };
		EEC13FCE1AD3B190008B7E5E /* LaunchScreen.xib in Resources */ = {isa = PBXBuildFile; fileRef = EEC13FCC1AD3B190008B7E5E /* LaunchScreen.xib */; };
		EEC13FDA1AD3B190008B7E5E /* SenzSDKDemoTests.m in Sources */ = {isa = PBXBuildFile; fileRef = EEC13FD91AD3B190008B7E5E /* SenzSDKDemoTests.m */; };
		EED860FF1B086F3700C4AE5E /* SNZBackgroundTimer.m in Sources */ = {isa = PBXBuildFile; fileRef = EED860FE1B086F3700C4AE5E /* SNZBackgroundTimer.m */; };
		EED861091B087F9800C4AE5E /* NSArray+SNZUtility.m in Sources */ = {isa = PBXBuildFile; fileRef = EED861021B087F9800C4AE5E /* NSArray+SNZUtility.m */; };
		EED8610B1B087F9800C4AE5E /* NSMutableDictionary+SNZUtility.m in Sources */ = {isa = PBXBuildFile; fileRef = EED861061B087F9800C4AE5E /* NSMutableDictionary+SNZUtility.m */; };
		EEFBE8471ADBDD6C00E6CF17 /* sample.mp3 in Resources */ = {isa = PBXBuildFile; fileRef = EEFBE8461ADBDD6C00E6CF17 /* sample.mp3 */; };
		EEFBE8511ADBE12400E6CF17 /* SNZLocationData.m in Sources */ = {isa = PBXBuildFile; fileRef = EEFBE8501ADBE12400E6CF17 /* SNZLocationData.m */; };
/* End PBXBuildFile section */

/* Begin PBXContainerItemProxy section */
		EEC13FD41AD3B190008B7E5E /* PBXContainerItemProxy */ = {
			isa = PBXContainerItemProxy;
			containerPortal = EEC13FB21AD3B190008B7E5E /* Project object */;
			proxyType = 1;
			remoteGlobalIDString = EEC13FB91AD3B190008B7E5E;
			remoteInfo = SenzSDKDemo;
		};
/* End PBXContainerItemProxy section */

/* Begin PBXFileReference section */
		0D9825DA3B32FC45C512E618 /* Pods.release.xcconfig */ = {isa = PBXFileReference; includeInIndex = 1; lastKnownFileType = text.xcconfig; name = Pods.release.xcconfig; path = "Pods/Target Support Files/Pods/Pods.release.xcconfig"; sourceTree = "<group>"; };
		A70BE4B9D24E9711A3826C65 /* libPods.a */ = {isa = PBXFileReference; explicitFileType = archive.ar; includeInIndex = 0; path = libPods.a; sourceTree = BUILT_PRODUCTS_DIR; };
		E6350405B54F89A06695DDCD /* Pods.debug.xcconfig */ = {isa = PBXFileReference; includeInIndex = 1; lastKnownFileType = text.xcconfig; name = Pods.debug.xcconfig; path = "Pods/Target Support Files/Pods/Pods.debug.xcconfig"; sourceTree = "<group>"; };
		EE3978011B1F5CDB00277C13 /* SNZReachability.h */ = {isa = PBXFileReference; fileEncoding = 4; lastKnownFileType = sourcecode.c.h; path = SNZReachability.h; sourceTree = "<group>"; };
		EE3978021B1F5CDB00277C13 /* SNZReachability.m */ = {isa = PBXFileReference; fileEncoding = 4; lastKnownFileType = sourcecode.c.objc; path = SNZReachability.m; sourceTree = "<group>"; };
		EE39781D1B219F1100277C13 /* SystemConfiguration.framework */ = {isa = PBXFileReference; lastKnownFileType = wrapper.framework; name = SystemConfiguration.framework; path = System/Library/Frameworks/SystemConfiguration.framework; sourceTree = SDKROOT; };
		EE3978371B22C26D00277C13 /* SNZModel.h */ = {isa = PBXFileReference; fileEncoding = 4; lastKnownFileType = sourcecode.c.h; path = SNZModel.h; sourceTree = "<group>"; };
		EE3978381B22C26D00277C13 /* SNZModel.m */ = {isa = PBXFileReference; fileEncoding = 4; lastKnownFileType = sourcecode.c.objc; path = SNZModel.m; sourceTree = "<group>"; };
		EE39783B1B2357A600277C13 /* SNZNetworkObserver.h */ = {isa = PBXFileReference; fileEncoding = 4; lastKnownFileType = sourcecode.c.h; name = SNZNetworkObserver.h; path = network/SNZNetworkObserver.h; sourceTree = "<group>"; };
		EE39783C1B2357A600277C13 /* SNZNetworkObserver.m */ = {isa = PBXFileReference; fileEncoding = 4; lastKnownFileType = sourcecode.c.objc; name = SNZNetworkObserver.m; path = network/SNZNetworkObserver.m; sourceTree = "<group>"; };
		EE9209FE1AD3BACC0007D8F7 /* SNZLocationManager.h */ = {isa = PBXFileReference; fileEncoding = 4; lastKnownFileType = sourcecode.c.h; path = SNZLocationManager.h; sourceTree = "<group>"; };
		EE9209FF1AD3BACC0007D8F7 /* SNZLocationManager.m */ = {isa = PBXFileReference; fileEncoding = 4; lastKnownFileType = sourcecode.c.objc; path = SNZLocationManager.m; sourceTree = "<group>"; };
		EE920A011AD3C00D0007D8F7 /* AVFoundation.framework */ = {isa = PBXFileReference; lastKnownFileType = wrapper.framework; name = AVFoundation.framework; path = System/Library/Frameworks/AVFoundation.framework; sourceTree = SDKROOT; };
		EEA674B71ADAE6740005A355 /* SNZUserDataLogger.h */ = {isa = PBXFileReference; fileEncoding = 4; lastKnownFileType = sourcecode.c.h; path = SNZUserDataLogger.h; sourceTree = "<group>"; };
		EEA674B81ADAE6740005A355 /* SNZUserDataLogger.m */ = {isa = PBXFileReference; fileEncoding = 4; lastKnownFileType = sourcecode.c.objc; path = SNZUserDataLogger.m; sourceTree = "<group>"; };
		EEA674BA1ADAEFCE0005A355 /* SNZSensorManager.h */ = {isa = PBXFileReference; fileEncoding = 4; lastKnownFileType = sourcecode.c.h; path = SNZSensorManager.h; sourceTree = "<group>"; };
		EEA674BB1ADAEFCE0005A355 /* SNZSensorManager.m */ = {isa = PBXFileReference; fileEncoding = 4; lastKnownFileType = sourcecode.c.objc; path = SNZSensorManager.m; sourceTree = "<group>"; };
		EEA674BD1ADB8BB40005A355 /* CoreLocation.framework */ = {isa = PBXFileReference; lastKnownFileType = wrapper.framework; name = CoreLocation.framework; path = System/Library/Frameworks/CoreLocation.framework; sourceTree = SDKROOT; };
		EEA674BF1ADB8BBA0005A355 /* CoreBluetooth.framework */ = {isa = PBXFileReference; lastKnownFileType = wrapper.framework; name = CoreBluetooth.framework; path = System/Library/Frameworks/CoreBluetooth.framework; sourceTree = SDKROOT; };
		EEA674C51ADBAEDF0005A355 /* SNZBeaconManager.h */ = {isa = PBXFileReference; fileEncoding = 4; lastKnownFileType = sourcecode.c.h; path = SNZBeaconManager.h; sourceTree = "<group>"; };
		EEA674C61ADBAEDF0005A355 /* SNZBeaconManager.m */ = {isa = PBXFileReference; fileEncoding = 4; lastKnownFileType = sourcecode.c.objc; path = SNZBeaconManager.m; sourceTree = "<group>"; };
		EEA674C91ADBB80B0005A355 /* SNZCommonStore.h */ = {isa = PBXFileReference; fileEncoding = 4; lastKnownFileType = sourcecode.c.h; name = SNZCommonStore.h; path = ../model/SNZCommonStore.h; sourceTree = "<group>"; };
		EEA674CA1ADBB80B0005A355 /* SNZCommonStore.m */ = {isa = PBXFileReference; fileEncoding = 4; lastKnownFileType = sourcecode.c.objc; name = SNZCommonStore.m; path = ../model/SNZCommonStore.m; sourceTree = "<group>"; };
		EEA674CD1ADBD0560005A355 /* SNZSensorData.h */ = {isa = PBXFileReference; fileEncoding = 4; lastKnownFileType = sourcecode.c.h; name = SNZSensorData.h; path = model/SNZSensorData.h; sourceTree = "<group>"; };
		EEA674CE1ADBD0560005A355 /* SNZSensorData.m */ = {isa = PBXFileReference; fileEncoding = 4; lastKnownFileType = sourcecode.c.objc; name = SNZSensorData.m; path = model/SNZSensorData.m; sourceTree = "<group>"; };
		EEC13FBA1AD3B190008B7E5E /* SenzSDKDemo.app */ = {isa = PBXFileReference; explicitFileType = wrapper.application; includeInIndex = 0; path = SenzSDKDemo.app; sourceTree = BUILT_PRODUCTS_DIR; };
		EEC13FBE1AD3B190008B7E5E /* Info.plist */ = {isa = PBXFileReference; lastKnownFileType = text.plist.xml; path = Info.plist; sourceTree = "<group>"; };
		EEC13FBF1AD3B190008B7E5E /* main.m */ = {isa = PBXFileReference; lastKnownFileType = sourcecode.c.objc; path = main.m; sourceTree = "<group>"; };
		EEC13FC11AD3B190008B7E5E /* AppDelegate.h */ = {isa = PBXFileReference; lastKnownFileType = sourcecode.c.h; path = AppDelegate.h; sourceTree = "<group>"; };
		EEC13FC21AD3B190008B7E5E /* AppDelegate.m */ = {isa = PBXFileReference; lastKnownFileType = sourcecode.c.objc; path = AppDelegate.m; sourceTree = "<group>"; };
		EEC13FC41AD3B190008B7E5E /* ViewController.h */ = {isa = PBXFileReference; lastKnownFileType = sourcecode.c.h; path = ViewController.h; sourceTree = "<group>"; };
		EEC13FC51AD3B190008B7E5E /* ViewController.m */ = {isa = PBXFileReference; lastKnownFileType = sourcecode.c.objc; path = ViewController.m; sourceTree = "<group>"; };
		EEC13FC81AD3B190008B7E5E /* Base */ = {isa = PBXFileReference; lastKnownFileType = file.storyboard; name = Base; path = Base.lproj/Main.storyboard; sourceTree = "<group>"; };
		EEC13FCA1AD3B190008B7E5E /* Images.xcassets */ = {isa = PBXFileReference; lastKnownFileType = folder.assetcatalog; path = Images.xcassets; sourceTree = "<group>"; };
		EEC13FCD1AD3B190008B7E5E /* Base */ = {isa = PBXFileReference; lastKnownFileType = file.xib; name = Base; path = Base.lproj/LaunchScreen.xib; sourceTree = "<group>"; };
		EEC13FD31AD3B190008B7E5E /* SenzSDKDemoTests.xctest */ = {isa = PBXFileReference; explicitFileType = wrapper.cfbundle; includeInIndex = 0; path = SenzSDKDemoTests.xctest; sourceTree = BUILT_PRODUCTS_DIR; };
		EEC13FD81AD3B190008B7E5E /* Info.plist */ = {isa = PBXFileReference; lastKnownFileType = text.plist.xml; path = Info.plist; sourceTree = "<group>"; };
		EEC13FD91AD3B190008B7E5E /* SenzSDKDemoTests.m */ = {isa = PBXFileReference; lastKnownFileType = sourcecode.c.objc; path = SenzSDKDemoTests.m; sourceTree = "<group>"; };
		EED860FD1B086F3700C4AE5E /* SNZBackgroundTimer.h */ = {isa = PBXFileReference; fileEncoding = 4; lastKnownFileType = sourcecode.c.h; path = SNZBackgroundTimer.h; sourceTree = "<group>"; };
		EED860FE1B086F3700C4AE5E /* SNZBackgroundTimer.m */ = {isa = PBXFileReference; fileEncoding = 4; lastKnownFileType = sourcecode.c.objc; path = SNZBackgroundTimer.m; sourceTree = "<group>"; };
		EED861011B087F9800C4AE5E /* NSArray+SNZUtility.h */ = {isa = PBXFileReference; fileEncoding = 4; lastKnownFileType = sourcecode.c.h; path = "NSArray+SNZUtility.h"; sourceTree = "<group>"; };
		EED861021B087F9800C4AE5E /* NSArray+SNZUtility.m */ = {isa = PBXFileReference; fileEncoding = 4; lastKnownFileType = sourcecode.c.objc; path = "NSArray+SNZUtility.m"; sourceTree = "<group>"; };
		EED861051B087F9800C4AE5E /* NSMutableDictionary+SNZUtility.h */ = {isa = PBXFileReference; fileEncoding = 4; lastKnownFileType = sourcecode.c.h; path = "NSMutableDictionary+SNZUtility.h"; sourceTree = "<group>"; };
		EED861061B087F9800C4AE5E /* NSMutableDictionary+SNZUtility.m */ = {isa = PBXFileReference; fileEncoding = 4; lastKnownFileType = sourcecode.c.objc; path = "NSMutableDictionary+SNZUtility.m"; sourceTree = "<group>"; };
		EEFBE8461ADBDD6C00E6CF17 /* sample.mp3 */ = {isa = PBXFileReference; lastKnownFileType = audio.mp3; path = sample.mp3; sourceTree = "<group>"; };
		EEFBE84F1ADBE12400E6CF17 /* SNZLocationData.h */ = {isa = PBXFileReference; fileEncoding = 4; lastKnownFileType = sourcecode.c.h; name = SNZLocationData.h; path = model/SNZLocationData.h; sourceTree = "<group>"; };
		EEFBE8501ADBE12400E6CF17 /* SNZLocationData.m */ = {isa = PBXFileReference; fileEncoding = 4; lastKnownFileType = sourcecode.c.objc; name = SNZLocationData.m; path = model/SNZLocationData.m; sourceTree = "<group>"; };
/* End PBXFileReference section */

/* Begin PBXFrameworksBuildPhase section */
		EEC13FB71AD3B190008B7E5E /* Frameworks */ = {
			isa = PBXFrameworksBuildPhase;
			buildActionMask = 2147483647;
			files = (
				EE39781E1B219F1100277C13 /* SystemConfiguration.framework in Frameworks */,
				EEA674C41ADB8BF60005A355 /* CoreLocation.framework in Frameworks */,
				EEA674C31ADB8BEF0005A355 /* CoreBluetooth.framework in Frameworks */,
				EEA674C21ADB8BE70005A355 /* AVFoundation.framework in Frameworks */,
				AF94D256822A8004CBA6426E /* libPods.a in Frameworks */,
			);
			runOnlyForDeploymentPostprocessing = 0;
		};
		EEC13FD01AD3B190008B7E5E /* Frameworks */ = {
			isa = PBXFrameworksBuildPhase;
			buildActionMask = 2147483647;
			files = (
			);
			runOnlyForDeploymentPostprocessing = 0;
		};
/* End PBXFrameworksBuildPhase section */

/* Begin PBXGroup section */
		E150EC3C2B815F15E4F13EFA /* Pods */ = {
			isa = PBXGroup;
			children = (
				E6350405B54F89A06695DDCD /* Pods.debug.xcconfig */,
				0D9825DA3B32FC45C512E618 /* Pods.release.xcconfig */,
			);
			name = Pods;
			sourceTree = "<group>";
		};
		EE3978001B1F5C9700277C13 /* libs */ = {
			isa = PBXGroup;
			children = (
				EE3978011B1F5CDB00277C13 /* SNZReachability.h */,
				EE3978021B1F5CDB00277C13 /* SNZReachability.m */,
			);
			path = libs;
			sourceTree = "<group>";
		};
		EE39783A1B23575500277C13 /* network */ = {
			isa = PBXGroup;
			children = (
				EE39783B1B2357A600277C13 /* SNZNetworkObserver.h */,
				EE39783C1B2357A600277C13 /* SNZNetworkObserver.m */,
			);
			name = network;
			sourceTree = "<group>";
		};
		EE9209FD1AD3BA950007D8F7 /* sdk */ = {
			isa = PBXGroup;
			children = (
				EEA674B71ADAE6740005A355 /* SNZUserDataLogger.h */,
				EEA674B81ADAE6740005A355 /* SNZUserDataLogger.m */,
				EE39783A1B23575500277C13 /* network */,
				EE3978001B1F5C9700277C13 /* libs */,
				EED861001B087F5E00C4AE5E /* utils */,
				EEA674CC1ADBB8180005A355 /* managers */,
				EEA674C81ADBB7E10005A355 /* model */,
				EEFBE84B1ADBE0AA00E6CF17 /* store */,
			);
			path = sdk;
			sourceTree = "<group>";
		};
		EE920A061AD3C2F80007D8F7 /* Resources */ = {
			isa = PBXGroup;
			children = (
				EEFBE8461ADBDD6C00E6CF17 /* sample.mp3 */,
			);
			name = Resources;
			path = ../resources;
			sourceTree = "<group>";
		};
		EEA674C11ADB8BC50005A355 /* Frameworks */ = {
			isa = PBXGroup;
			children = (
				EE39781D1B219F1100277C13 /* SystemConfiguration.framework */,
				EEA674BF1ADB8BBA0005A355 /* CoreBluetooth.framework */,
				EEA674BD1ADB8BB40005A355 /* CoreLocation.framework */,
				EE920A011AD3C00D0007D8F7 /* AVFoundation.framework */,
				A70BE4B9D24E9711A3826C65 /* libPods.a */,
			);
			name = Frameworks;
			sourceTree = "<group>";
		};
		EEA674C81ADBB7E10005A355 /* model */ = {
			isa = PBXGroup;
			children = (
				EE3978371B22C26D00277C13 /* SNZModel.h */,
				EE3978381B22C26D00277C13 /* SNZModel.m */,
				EEA674CD1ADBD0560005A355 /* SNZSensorData.h */,
				EEA674CE1ADBD0560005A355 /* SNZSensorData.m */,
				EEFBE84F1ADBE12400E6CF17 /* SNZLocationData.h */,
				EEFBE8501ADBE12400E6CF17 /* SNZLocationData.m */,
			);
			name = model;
			path = ..;
			sourceTree = "<group>";
		};
		EEA674CC1ADBB8180005A355 /* managers */ = {
			isa = PBXGroup;
			children = (
				EEA674BA1ADAEFCE0005A355 /* SNZSensorManager.h */,
				EEA674BB1ADAEFCE0005A355 /* SNZSensorManager.m */,
				EE9209FE1AD3BACC0007D8F7 /* SNZLocationManager.h */,
				EE9209FF1AD3BACC0007D8F7 /* SNZLocationManager.m */,
				EEA674C51ADBAEDF0005A355 /* SNZBeaconManager.h */,
				EEA674C61ADBAEDF0005A355 /* SNZBeaconManager.m */,
				EED860FD1B086F3700C4AE5E /* SNZBackgroundTimer.h */,
				EED860FE1B086F3700C4AE5E /* SNZBackgroundTimer.m */,
			);
			name = managers;
			sourceTree = "<group>";
		};
		EEC13FB11AD3B190008B7E5E = {
			isa = PBXGroup;
			children = (
				EEC13FBC1AD3B190008B7E5E /* SenzSDKDemo */,
				EEA674C11ADB8BC50005A355 /* Frameworks */,
				EEC13FD61AD3B190008B7E5E /* SenzSDKDemoTests */,
				EEC13FBB1AD3B190008B7E5E /* Products */,
				E150EC3C2B815F15E4F13EFA /* Pods */,
			);
			sourceTree = "<group>";
		};
		EEC13FBB1AD3B190008B7E5E /* Products */ = {
			isa = PBXGroup;
			children = (
				EEC13FBA1AD3B190008B7E5E /* SenzSDKDemo.app */,
				EEC13FD31AD3B190008B7E5E /* SenzSDKDemoTests.xctest */,
			);
			name = Products;
			sourceTree = "<group>";
		};
		EEC13FBC1AD3B190008B7E5E /* SenzSDKDemo */ = {
			isa = PBXGroup;
			children = (
				EE9209FD1AD3BA950007D8F7 /* sdk */,
				EEC13FC11AD3B190008B7E5E /* AppDelegate.h */,
				EEC13FC21AD3B190008B7E5E /* AppDelegate.m */,
				EEC13FC41AD3B190008B7E5E /* ViewController.h */,
				EEC13FC51AD3B190008B7E5E /* ViewController.m */,
				EEC13FC71AD3B190008B7E5E /* Main.storyboard */,
				EEC13FCA1AD3B190008B7E5E /* Images.xcassets */,
				EEC13FCC1AD3B190008B7E5E /* LaunchScreen.xib */,
				EEC13FBD1AD3B190008B7E5E /* Supporting Files */,
			);
			path = SenzSDKDemo;
			sourceTree = "<group>";
		};
		EEC13FBD1AD3B190008B7E5E /* Supporting Files */ = {
			isa = PBXGroup;
			children = (
				EE920A061AD3C2F80007D8F7 /* Resources */,
				EEC13FBE1AD3B190008B7E5E /* Info.plist */,
				EEC13FBF1AD3B190008B7E5E /* main.m */,
			);
			name = "Supporting Files";
			sourceTree = "<group>";
		};
		EEC13FD61AD3B190008B7E5E /* SenzSDKDemoTests */ = {
			isa = PBXGroup;
			children = (
				EEC13FD91AD3B190008B7E5E /* SenzSDKDemoTests.m */,
				EEC13FD71AD3B190008B7E5E /* Supporting Files */,
			);
			path = SenzSDKDemoTests;
			sourceTree = "<group>";
		};
		EEC13FD71AD3B190008B7E5E /* Supporting Files */ = {
			isa = PBXGroup;
			children = (
				EEC13FD81AD3B190008B7E5E /* Info.plist */,
			);
			name = "Supporting Files";
			sourceTree = "<group>";
		};
		EED861001B087F5E00C4AE5E /* utils */ = {
			isa = PBXGroup;
			children = (
				EED861011B087F9800C4AE5E /* NSArray+SNZUtility.h */,
				EED861021B087F9800C4AE5E /* NSArray+SNZUtility.m */,
				EED861051B087F9800C4AE5E /* NSMutableDictionary+SNZUtility.h */,
				EED861061B087F9800C4AE5E /* NSMutableDictionary+SNZUtility.m */,
			);
			name = utils;
			sourceTree = "<group>";
		};
		EEFBE84B1ADBE0AA00E6CF17 /* store */ = {
			isa = PBXGroup;
			children = (
				EEA674C91ADBB80B0005A355 /* SNZCommonStore.h */,
				EEA674CA1ADBB80B0005A355 /* SNZCommonStore.m */,
			);
			name = store;
			sourceTree = "<group>";
		};
/* End PBXGroup section */

/* Begin PBXNativeTarget section */
		EEC13FB91AD3B190008B7E5E /* SenzSDKDemo */ = {
			isa = PBXNativeTarget;
			buildConfigurationList = EEC13FDD1AD3B190008B7E5E /* Build configuration list for PBXNativeTarget "SenzSDKDemo" */;
			buildPhases = (
				FC8744E50E958CF8152EEC74 /* Check Pods Manifest.lock */,
				EEC13FB61AD3B190008B7E5E /* Sources */,
				EEC13FB71AD3B190008B7E5E /* Frameworks */,
				EEC13FB81AD3B190008B7E5E /* Resources */,
				0DEF5034F37668A9DD532E59 /* Copy Pods Resources */,
			);
			buildRules = (
			);
			dependencies = (
			);
			name = SenzSDKDemo;
			productName = SenzSDKDemo;
			productReference = EEC13FBA1AD3B190008B7E5E /* SenzSDKDemo.app */;
			productType = "com.apple.product-type.application";
		};
		EEC13FD21AD3B190008B7E5E /* SenzSDKDemoTests */ = {
			isa = PBXNativeTarget;
			buildConfigurationList = EEC13FE01AD3B190008B7E5E /* Build configuration list for PBXNativeTarget "SenzSDKDemoTests" */;
			buildPhases = (
				EEC13FCF1AD3B190008B7E5E /* Sources */,
				EEC13FD01AD3B190008B7E5E /* Frameworks */,
				EEC13FD11AD3B190008B7E5E /* Resources */,
			);
			buildRules = (
			);
			dependencies = (
				EEC13FD51AD3B190008B7E5E /* PBXTargetDependency */,
			);
			name = SenzSDKDemoTests;
			productName = SenzSDKDemoTests;
			productReference = EEC13FD31AD3B190008B7E5E /* SenzSDKDemoTests.xctest */;
			productType = "com.apple.product-type.bundle.unit-test";
		};
/* End PBXNativeTarget section */

/* Begin PBXProject section */
		EEC13FB21AD3B190008B7E5E /* Project object */ = {
			isa = PBXProject;
			attributes = {
				LastUpgradeCheck = 0620;
				ORGANIZATIONNAME = "Senz+";
				TargetAttributes = {
					EEC13FB91AD3B190008B7E5E = {
						CreatedOnToolsVersion = 6.2;
						DevelopmentTeam = XFCDXZK26Z;
						SystemCapabilities = {
							com.apple.BackgroundModes = {
								enabled = 1;
							};
						};
					};
					EEC13FD21AD3B190008B7E5E = {
						CreatedOnToolsVersion = 6.2;
						TestTargetID = EEC13FB91AD3B190008B7E5E;
					};
				};
			};
			buildConfigurationList = EEC13FB51AD3B190008B7E5E /* Build configuration list for PBXProject "SenzSDKDemo" */;
			compatibilityVersion = "Xcode 3.2";
			developmentRegion = English;
			hasScannedForEncodings = 0;
			knownRegions = (
				en,
				Base,
			);
			mainGroup = EEC13FB11AD3B190008B7E5E;
			productRefGroup = EEC13FBB1AD3B190008B7E5E /* Products */;
			projectDirPath = "";
			projectRoot = "";
			targets = (
				EEC13FB91AD3B190008B7E5E /* SenzSDKDemo */,
				EEC13FD21AD3B190008B7E5E /* SenzSDKDemoTests */,
			);
		};
/* End PBXProject section */

/* Begin PBXResourcesBuildPhase section */
		EEC13FB81AD3B190008B7E5E /* Resources */ = {
			isa = PBXResourcesBuildPhase;
			buildActionMask = 2147483647;
			files = (
				EEC13FC91AD3B190008B7E5E /* Main.storyboard in Resources */,
				EEC13FCE1AD3B190008B7E5E /* LaunchScreen.xib in Resources */,
				EEFBE8471ADBDD6C00E6CF17 /* sample.mp3 in Resources */,
				EEC13FCB1AD3B190008B7E5E /* Images.xcassets in Resources */,
			);
			runOnlyForDeploymentPostprocessing = 0;
		};
		EEC13FD11AD3B190008B7E5E /* Resources */ = {
			isa = PBXResourcesBuildPhase;
			buildActionMask = 2147483647;
			files = (
			);
			runOnlyForDeploymentPostprocessing = 0;
		};
/* End PBXResourcesBuildPhase section */

/* Begin PBXShellScriptBuildPhase section */
		0DEF5034F37668A9DD532E59 /* Copy Pods Resources */ = {
			isa = PBXShellScriptBuildPhase;
			buildActionMask = 2147483647;
			files = (
			);
			inputPaths = (
			);
			name = "Copy Pods Resources";
			outputPaths = (
			);
			runOnlyForDeploymentPostprocessing = 0;
			shellPath = /bin/sh;
			shellScript = "\"${SRCROOT}/Pods/Target Support Files/Pods/Pods-resources.sh\"\n";
			showEnvVarsInLog = 0;
		};
		FC8744E50E958CF8152EEC74 /* Check Pods Manifest.lock */ = {
			isa = PBXShellScriptBuildPhase;
			buildActionMask = 2147483647;
			files = (
			);
			inputPaths = (
			);
			name = "Check Pods Manifest.lock";
			outputPaths = (
			);
			runOnlyForDeploymentPostprocessing = 0;
			shellPath = /bin/sh;
			shellScript = "diff \"${PODS_ROOT}/../Podfile.lock\" \"${PODS_ROOT}/Manifest.lock\" > /dev/null\nif [[ $? != 0 ]] ; then\n    cat << EOM\nerror: The sandbox is not in sync with the Podfile.lock. Run 'pod install' or update your CocoaPods installation.\nEOM\n    exit 1\nfi\n";
			showEnvVarsInLog = 0;
		};
/* End PBXShellScriptBuildPhase section */

/* Begin PBXSourcesBuildPhase section */
		EEC13FB61AD3B190008B7E5E /* Sources */ = {
			isa = PBXSourcesBuildPhase;
			buildActionMask = 2147483647;
			files = (
				EEA674B91ADAE6740005A355 /* SNZUserDataLogger.m in Sources */,
				EEA674CF1ADBD0560005A355 /* SNZSensorData.m in Sources */,
				EEFBE8511ADBE12400E6CF17 /* SNZLocationData.m in Sources */,
				EEC13FC61AD3B190008B7E5E /* ViewController.m in Sources */,
				EE3978031B1F5CDB00277C13 /* SNZReachability.m in Sources */,
				EE39783D1B2357A600277C13 /* SNZNetworkObserver.m in Sources */,
				EEA674CB1ADBB80B0005A355 /* SNZCommonStore.m in Sources */,
				EED860FF1B086F3700C4AE5E /* SNZBackgroundTimer.m in Sources */,
				EED8610B1B087F9800C4AE5E /* NSMutableDictionary+SNZUtility.m in Sources */,
				EEA674C71ADBAEDF0005A355 /* SNZBeaconManager.m in Sources */,
				EEC13FC31AD3B190008B7E5E /* AppDelegate.m in Sources */,
				EE920A001AD3BACC0007D8F7 /* SNZLocationManager.m in Sources */,
				EED861091B087F9800C4AE5E /* NSArray+SNZUtility.m in Sources */,
				EEC13FC01AD3B190008B7E5E /* main.m in Sources */,
				EE3978391B22C26D00277C13 /* SNZModel.m in Sources */,
				EEA674BC1ADAEFCE0005A355 /* SNZSensorManager.m in Sources */,
			);
			runOnlyForDeploymentPostprocessing = 0;
		};
		EEC13FCF1AD3B190008B7E5E /* Sources */ = {
			isa = PBXSourcesBuildPhase;
			buildActionMask = 2147483647;
			files = (
				EEC13FDA1AD3B190008B7E5E /* SenzSDKDemoTests.m in Sources */,
			);
			runOnlyForDeploymentPostprocessing = 0;
		};
/* End PBXSourcesBuildPhase section */

/* Begin PBXTargetDependency section */
		EEC13FD51AD3B190008B7E5E /* PBXTargetDependency */ = {
			isa = PBXTargetDependency;
			target = EEC13FB91AD3B190008B7E5E /* SenzSDKDemo */;
			targetProxy = EEC13FD41AD3B190008B7E5E /* PBXContainerItemProxy */;
		};
/* End PBXTargetDependency section */

/* Begin PBXVariantGroup section */
		EEC13FC71AD3B190008B7E5E /* Main.storyboard */ = {
			isa = PBXVariantGroup;
			children = (
				EEC13FC81AD3B190008B7E5E /* Base */,
			);
			name = Main.storyboard;
			sourceTree = "<group>";
		};
		EEC13FCC1AD3B190008B7E5E /* LaunchScreen.xib */ = {
			isa = PBXVariantGroup;
			children = (
				EEC13FCD1AD3B190008B7E5E /* Base */,
			);
			name = LaunchScreen.xib;
			sourceTree = "<group>";
		};
/* End PBXVariantGroup section */

/* Begin XCBuildConfiguration section */
		EEC13FDB1AD3B190008B7E5E /* Debug */ = {
			isa = XCBuildConfiguration;
			buildSettings = {
				ALWAYS_SEARCH_USER_PATHS = NO;
				CLANG_CXX_LANGUAGE_STANDARD = "gnu++0x";
				CLANG_CXX_LIBRARY = "libc++";
				CLANG_ENABLE_MODULES = YES;
				CLANG_ENABLE_OBJC_ARC = YES;
				CLANG_WARN_BOOL_CONVERSION = YES;
				CLANG_WARN_CONSTANT_CONVERSION = YES;
				CLANG_WARN_DIRECT_OBJC_ISA_USAGE = YES_ERROR;
				CLANG_WARN_EMPTY_BODY = YES;
				CLANG_WARN_ENUM_CONVERSION = YES;
				CLANG_WARN_INT_CONVERSION = YES;
				CLANG_WARN_OBJC_ROOT_CLASS = YES_ERROR;
				CLANG_WARN_UNREACHABLE_CODE = YES;
				CLANG_WARN__DUPLICATE_METHOD_MATCH = YES;
				"CODE_SIGN_IDENTITY[sdk=iphoneos*]" = "iPhone Developer";
				COPY_PHASE_STRIP = NO;
				ENABLE_STRICT_OBJC_MSGSEND = YES;
				GCC_C_LANGUAGE_STANDARD = gnu99;
				GCC_DYNAMIC_NO_PIC = NO;
				GCC_OPTIMIZATION_LEVEL = 0;
				GCC_PREPROCESSOR_DEFINITIONS = (
					"DEBUG=1",
					"$(inherited)",
				);
				GCC_SYMBOLS_PRIVATE_EXTERN = NO;
				GCC_WARN_64_TO_32_BIT_CONVERSION = YES;
				GCC_WARN_ABOUT_RETURN_TYPE = YES_ERROR;
				GCC_WARN_UNDECLARED_SELECTOR = YES;
				GCC_WARN_UNINITIALIZED_AUTOS = YES_AGGRESSIVE;
				GCC_WARN_UNUSED_FUNCTION = YES;
				GCC_WARN_UNUSED_VARIABLE = YES;
				IPHONEOS_DEPLOYMENT_TARGET = 8.2;
				MTL_ENABLE_DEBUG_INFO = YES;
				ONLY_ACTIVE_ARCH = YES;
				SDKROOT = iphoneos;
			};
			name = Debug;
		};
		EEC13FDC1AD3B190008B7E5E /* Release */ = {
			isa = XCBuildConfiguration;
			buildSettings = {
				ALWAYS_SEARCH_USER_PATHS = NO;
				CLANG_CXX_LANGUAGE_STANDARD = "gnu++0x";
				CLANG_CXX_LIBRARY = "libc++";
				CLANG_ENABLE_MODULES = YES;
				CLANG_ENABLE_OBJC_ARC = YES;
				CLANG_WARN_BOOL_CONVERSION = YES;
				CLANG_WARN_CONSTANT_CONVERSION = YES;
				CLANG_WARN_DIRECT_OBJC_ISA_USAGE = YES_ERROR;
				CLANG_WARN_EMPTY_BODY = YES;
				CLANG_WARN_ENUM_CONVERSION = YES;
				CLANG_WARN_INT_CONVERSION = YES;
				CLANG_WARN_OBJC_ROOT_CLASS = YES_ERROR;
				CLANG_WARN_UNREACHABLE_CODE = YES;
				CLANG_WARN__DUPLICATE_METHOD_MATCH = YES;
				"CODE_SIGN_IDENTITY[sdk=iphoneos*]" = "iPhone Developer";
				COPY_PHASE_STRIP = NO;
				ENABLE_NS_ASSERTIONS = NO;
				ENABLE_STRICT_OBJC_MSGSEND = YES;
				GCC_C_LANGUAGE_STANDARD = gnu99;
				GCC_WARN_64_TO_32_BIT_CONVERSION = YES;
				GCC_WARN_ABOUT_RETURN_TYPE = YES_ERROR;
				GCC_WARN_UNDECLARED_SELECTOR = YES;
				GCC_WARN_UNINITIALIZED_AUTOS = YES_AGGRESSIVE;
				GCC_WARN_UNUSED_FUNCTION = YES;
				GCC_WARN_UNUSED_VARIABLE = YES;
				IPHONEOS_DEPLOYMENT_TARGET = 8.2;
				MTL_ENABLE_DEBUG_INFO = NO;
				SDKROOT = iphoneos;
				VALIDATE_PRODUCT = YES;
			};
			name = Release;
		};
		EEC13FDE1AD3B190008B7E5E /* Debug */ = {
			isa = XCBuildConfiguration;
			baseConfigurationReference = E6350405B54F89A06695DDCD /* Pods.debug.xcconfig */;
			buildSettings = {
				ASSETCATALOG_COMPILER_APPICON_NAME = AppIcon;
				CODE_SIGN_IDENTITY = "iPhone Developer";
				"CODE_SIGN_IDENTITY[sdk=iphoneos*]" = "iPhone Developer";
				INFOPLIST_FILE = SenzSDKDemo/Info.plist;
				IPHONEOS_DEPLOYMENT_TARGET = 8.0;
				LD_RUNPATH_SEARCH_PATHS = "$(inherited) @executable_path/Frameworks";
				PRODUCT_NAME = "$(TARGET_NAME)";
				PROVISIONING_PROFILE = "";
				TARGETED_DEVICE_FAMILY = "1,2";
			};
			name = Debug;
		};
		EEC13FDF1AD3B190008B7E5E /* Release */ = {
			isa = XCBuildConfiguration;
			baseConfigurationReference = 0D9825DA3B32FC45C512E618 /* Pods.release.xcconfig */;
			buildSettings = {
				ASSETCATALOG_COMPILER_APPICON_NAME = AppIcon;
				CODE_SIGN_IDENTITY = "iPhone Developer";
				"CODE_SIGN_IDENTITY[sdk=iphoneos*]" = "iPhone Developer";
				INFOPLIST_FILE = SenzSDKDemo/Info.plist;
				IPHONEOS_DEPLOYMENT_TARGET = 8.0;
				LD_RUNPATH_SEARCH_PATHS = "$(inherited) @executable_path/Frameworks";
				PRODUCT_NAME = "$(TARGET_NAME)";
				PROVISIONING_PROFILE = "";
				TARGETED_DEVICE_FAMILY = "1,2";
			};
			name = Release;
		};
		EEC13FE11AD3B190008B7E5E /* Debug */ = {
			isa = XCBuildConfiguration;
			buildSettings = {
				BUNDLE_LOADER = "$(TEST_HOST)";
				FRAMEWORK_SEARCH_PATHS = (
					"$(SDKROOT)/Developer/Library/Frameworks",
					"$(inherited)",
				);
				GCC_PREPROCESSOR_DEFINITIONS = (
					"DEBUG=1",
					"$(inherited)",
				);
				INFOPLIST_FILE = SenzSDKDemoTests/Info.plist;
				LD_RUNPATH_SEARCH_PATHS = "$(inherited) @executable_path/Frameworks @loader_path/Frameworks";
				PRODUCT_NAME = "$(TARGET_NAME)";
				TEST_HOST = "$(BUILT_PRODUCTS_DIR)/SenzSDKDemo.app/SenzSDKDemo";
			};
			name = Debug;
		};
		EEC13FE21AD3B190008B7E5E /* Release */ = {
			isa = XCBuildConfiguration;
			buildSettings = {
				BUNDLE_LOADER = "$(TEST_HOST)";
				FRAMEWORK_SEARCH_PATHS = (
					"$(SDKROOT)/Developer/Library/Frameworks",
					"$(inherited)",
				);
				INFOPLIST_FILE = SenzSDKDemoTests/Info.plist;
				LD_RUNPATH_SEARCH_PATHS = "$(inherited) @executable_path/Frameworks @loader_path/Frameworks";
				PRODUCT_NAME = "$(TARGET_NAME)";
				TEST_HOST = "$(BUILT_PRODUCTS_DIR)/SenzSDKDemo.app/SenzSDKDemo";
			};
			name = Release;
		};
/* End XCBuildConfiguration section */

/* Begin XCConfigurationList section */
		EEC13FB51AD3B190008B7E5E /* Build configuration list for PBXProject "SenzSDKDemo" */ = {
			isa = XCConfigurationList;
			buildConfigurations = (
				EEC13FDB1AD3B190008B7E5E /* Debug */,
				EEC13FDC1AD3B190008B7E5E /* Release */,
			);
			defaultConfigurationIsVisible = 0;
			defaultConfigurationName = Release;
		};
		EEC13FDD1AD3B190008B7E5E /* Build configuration list for PBXNativeTarget "SenzSDKDemo" */ = {
			isa = XCConfigurationList;
			buildConfigurations = (
				EEC13FDE1AD3B190008B7E5E /* Debug */,
				EEC13FDF1AD3B190008B7E5E /* Release */,
			);
			defaultConfigurationIsVisible = 0;
			defaultConfigurationName = Release;
		};
		EEC13FE01AD3B190008B7E5E /* Build configuration list for PBXNativeTarget "SenzSDKDemoTests" */ = {
			isa = XCConfigurationList;
			buildConfigurations = (
				EEC13FE11AD3B190008B7E5E /* Debug */,
				EEC13FE21AD3B190008B7E5E /* Release */,
			);
			defaultConfigurationIsVisible = 0;
			defaultConfigurationName = Release;
		};
/* End XCConfigurationList section */
	};
	rootObject = EEC13FB21AD3B190008B7E5E /* Project object */;
}
